
Microsoft Visual Studio Solution File, Format Version 12.00
# Visual Studio Version 16
VisualStudioVersion = 25.0.1705.5
MinimumVisualStudioVersion = 10.0.40219.1
Project("{FAE04EC0-301F-11D3-BF4B-00C04F79EFBC}") = "GeoBuyerPromotion", "GeoBuyerPromotion\GeoBuyerPromotion.csproj", "{364B3634-304C-4039-8CBC-399A2B7D57CC}"
EndProject
Global
	GlobalSection(SolutionConfigurationPlatforms) = preSolution
		Debug|Any CPU = Debug|Any CPU
		Release|Any CPU = Release|Any CPU
	EndGlobalSection
	GlobalSection(ProjectConfigurationPlatforms) = postSolution
		{364B3634-304C-4039-8CBC-399A2B7D57CC}.Debug|Any CPU.ActiveCfg = Debug|Any CPU
		{364B3634-304C-4039-8CBC-399A2B7D57CC}.Debug|Any CPU.Build.0 = Debug|Any CPU
		{364B3634-304C-4039-8CBC-399A2B7D57CC}.Release|Any CPU.ActiveCfg = Release|Any CPU
		{364B3634-304C-4039-8CBC-399A2B7D57CC}.Release|Any CPU.Build.0 = Release|Any CPU
	EndGlobalSection
	GlobalSection(SolutionProperties) = preSolution
		HideSolutionNode = FALSE
	EndGlobalSection
	GlobalSection(ExtensibilityGlobals) = postSolution
		SolutionGuid = {FBB21F97-EF5E-4F5D-806E-398FF4991CFC}
	EndGlobalSection
EndGlobal
